// !$*UTF8*$!
{
	archiveVersion = 1;
	classes = {
	};
	objectVersion = 77;
	objects = {

/* Begin PBXBuildFile section */
		69E16EEF204B0233CFB34FBA /* Pods_OmniAdmin.framework in Frameworks */ = {isa = PBXBuildFile; fileRef = 6AED40F25C01A1FF1664A786 /* Pods_OmniAdmin.framework */; };
		8D8BC203FA738636040C38B0 /* Pods_OmniAdminTests.framework in Frameworks */ = {isa = PBXBuildFile; fileRef = 6A3354BDD1EE178054EE3CA9 /* Pods_OmniAdminTests.framework */; };
		C69E2990D84FAAF4D4624465 /* Pods_OmniAdmin_OmniAdminUITests.framework in Frameworks */ = {isa = PBXBuildFile; fileRef = D7E0BA8F3C165A97550009CF /* Pods_OmniAdmin_OmniAdminUITests.framework */; };
/* End PBXBuildFile section */

/* Begin PBXContainerItemProxy section */
		A05DE31F2EFD27770082456A /* PBXContainerItemProxy */ = {
			isa = PBXContainerItemProxy;
			containerPortal = A05DE3052EFD27750082456A /* Project object */;
			proxyType = 1;
			remoteGlobalIDString = A05DE30C2EFD27750082456A;
			remoteInfo = OmniAdmin;
		};
		A05DE3292EFD27770082456A /* PBXContainerItemProxy */ = {
			isa = PBXContainerItemProxy;
			containerPortal = A05DE3052EFD27750082456A /* Project object */;
			proxyType = 1;
			remoteGlobalIDString = A05DE30C2EFD27750082456A;
			remoteInfo = OmniAdmin;
		};
/* End PBXContainerItemProxy section */

/* Begin PBXFileReference section */
		036ADFE2693FDB4D31929D37 /* Pods-OmniAdmin.release.xcconfig */ = {isa = PBXFileReference; includeInIndex = 1; lastKnownFileType = text.xcconfig; name = "Pods-OmniAdmin.release.xcconfig"; path = "Target Support Files/Pods-OmniAdmin/Pods-OmniAdmin.release.xcconfig"; sourceTree = "<group>"; };
		12560DC7C4B583200834E906 /* Pods-OmniAdmin.debug.xcconfig */ = {isa = PBXFileReference; includeInIndex = 1; lastKnownFileType = text.xcconfig; name = "Pods-OmniAdmin.debug.xcconfig"; path = "Target Support Files/Pods-OmniAdmin/Pods-OmniAdmin.debug.xcconfig"; sourceTree = "<group>"; };
		54FBF71DD5441241172E68E6 /* Pods-OmniAdminTests.debug.xcconfig */ = {isa = PBXFileReference; includeInIndex = 1; lastKnownFileType = text.xcconfig; name = "Pods-OmniAdminTests.debug.xcconfig"; path = "Target Support Files/Pods-OmniAdminTests/Pods-OmniAdminTests.debug.xcconfig"; sourceTree = "<group>"; };
		6A3354BDD1EE178054EE3CA9 /* Pods_OmniAdminTests.framework */ = {isa = PBXFileReference; explicitFileType = wrapper.framework; includeInIndex = 0; path = Pods_OmniAdminTests.framework; sourceTree = BUILT_PRODUCTS_DIR; };
		6AED40F25C01A1FF1664A786 /* Pods_OmniAdmin.framework */ = {isa = PBXFileReference; explicitFileType = wrapper.framework; includeInIndex = 0; path = Pods_OmniAdmin.framework; sourceTree = BUILT_PRODUCTS_DIR; };
		97DC5B80F2F169A875F77638 /* Pods-OmniAdmin-OmniAdminUITests.release.xcconfig */ = {isa = PBXFileReference; includeInIndex = 1; lastKnownFileType = text.xcconfig; name = "Pods-OmniAdmin-OmniAdminUITests.release.xcconfig"; path = "Target Support Files/Pods-OmniAdmin-OmniAdminUITests/Pods-OmniAdmin-OmniAdminUITests.release.xcconfig"; sourceTree = "<group>"; };
		A05DE30D2EFD27750082456A /* OmniAdmin.app */ = {isa = PBXFileReference; explicitFileType = wrapper.application; includeInIndex = 0; path = OmniAdmin.app; sourceTree = BUILT_PRODUCTS_DIR; };
		A05DE31E2EFD27770082456A /* OmniAdminTests.xctest */ = {isa = PBXFileReference; explicitFileType = wrapper.cfbundle; includeInIndex = 0; path = OmniAdminTests.xctest; sourceTree = BUILT_PRODUCTS_DIR; };
		A05DE3282EFD27770082456A /* OmniAdminUITests.xctest */ = {isa = PBXFileReference; explicitFileType = wrapper.cfbundle; includeInIndex = 0; path = OmniAdminUITests.xctest; sourceTree = BUILT_PRODUCTS_DIR; };
		A6EC87E821AEBAC8A8D77C78 /* Pods-OmniAdmin-OmniAdminUITests.debug.xcconfig */ = {isa = PBXFileReference; includeInIndex = 1; lastKnownFileType = text.xcconfig; name = "Pods-OmniAdmin-OmniAdminUITests.debug.xcconfig"; path = "Target Support Files/Pods-OmniAdmin-OmniAdminUITests/Pods-OmniAdmin-OmniAdminUITests.debug.xcconfig"; sourceTree = "<group>"; };
		C0D8F50E17EBCDA9F0BAED78 /* Pods-OmniAdminTests.release.xcconfig */ = {isa = PBXFileReference; includeInIndex = 1; lastKnownFileType = text.xcconfig; name = "Pods-OmniAdminTests.release.xcconfig"; path = "Target Support Files/Pods-OmniAdminTests/Pods-OmniAdminTests.release.xcconfig"; sourceTree = "<group>"; };
		D7E0BA8F3C165A97550009CF /* Pods_OmniAdmin_OmniAdminUITests.framework */ = {isa = PBXFileReference; explicitFileType = wrapper.framework; includeInIndex = 0; path = Pods_OmniAdmin_OmniAdminUITests.framework; sourceTree = BUILT_PRODUCTS_DIR; };
/* End PBXFileReference section */

/* Begin PBXFileSystemSynchronizedBuildFileExceptionSet section */
		A05DE6D02EFEDFCA0082456A /* Exceptions for "OmniAdmin" folder in "OmniAdmin" target */ = {
			isa = PBXFileSystemSynchronizedBuildFileExceptionSet;
			membershipExceptions = (
				Info.plist,
			);
			target = A05DE30C2EFD27750082456A /* OmniAdmin */;
		};
/* End PBXFileSystemSynchronizedBuildFileExceptionSet section */

/* Begin PBXFileSystemSynchronizedRootGroup section */
		A05DE30F2EFD27750082456A /* OmniAdmin */ = {
			isa = PBXFileSystemSynchronizedRootGroup;
			exceptions = (
				A05DE6D02EFEDFCA0082456A /* Exceptions for "OmniAdmin" folder in "OmniAdmin" target */,
			);
			path = OmniAdmin;
			sourceTree = "<group>";
		};
		A05DE3212EFD27770082456A /* OmniAdminTests */ = {
			isa = PBXFileSystemSynchronizedRootGroup;
			path = OmniAdminTests;
			sourceTree = "<group>";
		};
		A05DE32B2EFD27770082456A /* OmniAdminUITests */ = {
			isa = PBXFileSystemSynchronizedRootGroup;
			path = OmniAdminUITests;
			sourceTree = "<group>";
		};
/* End PBXFileSystemSynchronizedRootGroup section */

/* Begin PBXFrameworksBuildPhase section */
		A05DE30A2EFD27750082456A /* Frameworks */ = {
			isa = PBXFrameworksBuildPhase;
			buildActionMask = 2147483647;
			files = (
				69E16EEF204B0233CFB34FBA /* Pods_OmniAdmin.framework in Frameworks */,
			);
			runOnlyForDeploymentPostprocessing = 0;
		};
		A05DE31B2EFD27770082456A /* Frameworks */ = {
			isa = PBXFrameworksBuildPhase;
			buildActionMask = 2147483647;
			files = (
				8D8BC203FA738636040C38B0 /* Pods_OmniAdminTests.framework in Frameworks */,
			);
			runOnlyForDeploymentPostprocessing = 0;
		};
		A05DE3252EFD27770082456A /* Frameworks */ = {
			isa = PBXFrameworksBuildPhase;
			buildActionMask = 2147483647;
			files = (
				C69E2990D84FAAF4D4624465 /* Pods_OmniAdmin_OmniAdminUITests.framework in Frameworks */,
			);
			runOnlyForDeploymentPostprocessing = 0;
		};
/* End PBXFrameworksBuildPhase section */

/* Begin PBXGroup section */
		746DDA2E00CD1FB7E25168FA /* Frameworks */ = {
			isa = PBXGroup;
			children = (
				6AED40F25C01A1FF1664A786 /* Pods_OmniAdmin.framework */,
				D7E0BA8F3C165A97550009CF /* Pods_OmniAdmin_OmniAdminUITests.framework */,
				6A3354BDD1EE178054EE3CA9 /* Pods_OmniAdminTests.framework */,
			);
			name = Frameworks;
			sourceTree = "<group>";
		};
		78948C71A314FEB5730A6A3E /* Pods */ = {
			isa = PBXGroup;
			children = (
				12560DC7C4B583200834E906 /* Pods-OmniAdmin.debug.xcconfig */,
				036ADFE2693FDB4D31929D37 /* Pods-OmniAdmin.release.xcconfig */,
				A6EC87E821AEBAC8A8D77C78 /* Pods-OmniAdmin-OmniAdminUITests.debug.xcconfig */,
				97DC5B80F2F169A875F77638 /* Pods-OmniAdmin-OmniAdminUITests.release.xcconfig */,
				54FBF71DD5441241172E68E6 /* Pods-OmniAdminTests.debug.xcconfig */,
				C0D8F50E17EBCDA9F0BAED78 /* Pods-OmniAdminTests.release.xcconfig */,
			);
			path = Pods;
			sourceTree = "<group>";
		};
		A05DE3042EFD27750082456A = {
			isa = PBXGroup;
			children = (
				A05DE30F2EFD27750082456A /* OmniAdmin */,
				A05DE3212EFD27770082456A /* OmniAdminTests */,
				A05DE32B2EFD27770082456A /* OmniAdminUITests */,
				A05DE30E2EFD27750082456A /* Products */,
				78948C71A314FEB5730A6A3E /* Pods */,
				746DDA2E00CD1FB7E25168FA /* Frameworks */,
			);
			sourceTree = "<group>";
		};
		A05DE30E2EFD27750082456A /* Products */ = {
			isa = PBXGroup;
			children = (
				A05DE30D2EFD27750082456A /* OmniAdmin.app */,
				A05DE31E2EFD27770082456A /* OmniAdminTests.xctest */,
				A05DE3282EFD27770082456A /* OmniAdminUITests.xctest */,
			);
			name = Products;
			sourceTree = "<group>";
		};
/* End PBXGroup section */

/* Begin PBXNativeTarget section */
		A05DE30C2EFD27750082456A /* OmniAdmin */ = {
			isa = PBXNativeTarget;
			buildConfigurationList = A05DE3322EFD27770082456A /* Build configuration list for PBXNativeTarget "OmniAdmin" */;
			buildPhases = (
				925987C16AF144363F353D9D /* [CP] Check Pods Manifest.lock */,
				A05DE3092EFD27750082456A /* Sources */,
				A05DE30A2EFD27750082456A /* Frameworks */,
				A05DE30B2EFD27750082456A /* Resources */,
				860ED2AB7F7A0801CA057BBD /* [CP] Embed Pods Frameworks */,
			);
			buildRules = (
			);
			dependencies = (
			);
			fileSystemSynchronizedGroups = (
				A05DE30F2EFD27750082456A /* OmniAdmin */,
			);
			name = OmniAdmin;
			productName = OmniAdmin;
			productReference = A05DE30D2EFD27750082456A /* OmniAdmin.app */;
			productType = "com.apple.product-type.application";
		};
		A05DE31D2EFD27770082456A /* OmniAdminTests */ = {
			isa = PBXNativeTarget;
			buildConfigurationList = A05DE3352EFD27770082456A /* Build configuration list for PBXNativeTarget "OmniAdminTests" */;
			buildPhases = (
				4B1974EF54BE86B51251D2E7 /* [CP] Check Pods Manifest.lock */,
				A05DE31A2EFD27770082456A /* Sources */,
				A05DE31B2EFD27770082456A /* Frameworks */,
				A05DE31C2EFD27770082456A /* Resources */,
			);
			buildRules = (
			);
			dependencies = (
				A05DE3202EFD27770082456A /* PBXTargetDependency */,
			);
			fileSystemSynchronizedGroups = (
				A05DE3212EFD27770082456A /* OmniAdminTests */,
			);
			name = OmniAdminTests;
			productName = OmniAdminTests;
			productReference = A05DE31E2EFD27770082456A /* OmniAdminTests.xctest */;
			productType = "com.apple.product-type.bundle.unit-test";
		};
		A05DE3272EFD27770082456A /* OmniAdminUITests */ = {
			isa = PBXNativeTarget;
			buildConfigurationList = A05DE3382EFD27770082456A /* Build configuration list for PBXNativeTarget "OmniAdminUITests" */;
			buildPhases = (
				D0A2EEE4F815FA30E2B6B8DF /* [CP] Check Pods Manifest.lock */,
				A05DE3242EFD27770082456A /* Sources */,
				A05DE3252EFD27770082456A /* Frameworks */,
				A05DE3262EFD27770082456A /* Resources */,
				7C4E79565A251E9D4CDAA3AF /* [CP] Embed Pods Frameworks */,
			);
			buildRules = (
			);
			dependencies = (
				A05DE32A2EFD27770082456A /* PBXTargetDependency */,
			);
			fileSystemSynchronizedGroups = (
				A05DE32B2EFD27770082456A /* OmniAdminUITests */,
			);
			name = OmniAdminUITests;
			productName = OmniAdminUITests;
			productReference = A05DE3282EFD27770082456A /* OmniAdminUITests.xctest */;
			productType = "com.apple.product-type.bundle.ui-testing";
		};
/* End PBXNativeTarget section */

/* Begin PBXProject section */
		A05DE3052EFD27750082456A /* Project object */ = {
			isa = PBXProject;
			attributes = {
				BuildIndependentTargetsInParallel = 1;
				LastSwiftUpdateCheck = 1620;
				LastUpgradeCheck = 1620;
				TargetAttributes = {
					A05DE30C2EFD27750082456A = {
						CreatedOnToolsVersion = 16.2;
					};
					A05DE31D2EFD27770082456A = {
						CreatedOnToolsVersion = 16.2;
						TestTargetID = A05DE30C2EFD27750082456A;
					};
					A05DE3272EFD27770082456A = {
						CreatedOnToolsVersion = 16.2;
						TestTargetID = A05DE30C2EFD27750082456A;
					};
				};
			};
			buildConfigurationList = A05DE3082EFD27750082456A /* Build configuration list for PBXProject "OmniAdmin" */;
			developmentRegion = en;
			hasScannedForEncodings = 0;
			knownRegions = (
				en,
				Base,
			);
			mainGroup = A05DE3042EFD27750082456A;
			minimizedProjectReferenceProxies = 1;
			preferredProjectObjectVersion = 77;
			productRefGroup = A05DE30E2EFD27750082456A /* Products */;
			projectDirPath = "";
			projectRoot = "";
			targets = (
				A05DE30C2EFD27750082456A /* OmniAdmin */,
				A05DE31D2EFD27770082456A /* OmniAdminTests */,
				A05DE3272EFD27770082456A /* OmniAdminUITests */,
			);
		};
/* End PBXProject section */

/* Begin PBXResourcesBuildPhase section */
		A05DE30B2EFD27750082456A /* Resources */ = {
			isa = PBXResourcesBuildPhase;
			buildActionMask = 2147483647;
			files = (
			);
			runOnlyForDeploymentPostprocessing = 0;
		};
		A05DE31C2EFD27770082456A /* Resources */ = {
			isa = PBXResourcesBuildPhase;
			buildActionMask = 2147483647;
			files = (
			);
			runOnlyForDeploymentPostprocessing = 0;
		};
		A05DE3262EFD27770082456A /* Resources */ = {
			isa = PBXResourcesBuildPhase;
			buildActionMask = 2147483647;
			files = (
			);
			runOnlyForDeploymentPostprocessing = 0;
		};
/* End PBXResourcesBuildPhase section */

/* Begin PBXShellScriptBuildPhase section */
		4B1974EF54BE86B51251D2E7 /* [CP] Check Pods Manifest.lock */ = {
			isa = PBXShellScriptBuildPhase;
			buildActionMask = 2147483647;
			files = (
			);
			inputFileListPaths = (
			);
			inputPaths = (
				"${PODS_PODFILE_DIR_PATH}/Podfile.lock",
				"${PODS_ROOT}/Manifest.lock",
			);
			name = "[CP] Check Pods Manifest.lock";
			outputFileListPaths = (
			);
			outputPaths = (
				"$(DERIVED_FILE_DIR)/Pods-OmniAdminTests-checkManifestLockResult.txt",
			);
			runOnlyForDeploymentPostprocessing = 0;
			shellPath = /bin/sh;
			shellScript = "diff \"${PODS_PODFILE_DIR_PATH}/Podfile.lock\" \"${PODS_ROOT}/Manifest.lock\" > /dev/null\nif [ $? != 0 ] ; then\n    # print error to STDERR\n    echo \"error: The sandbox is not in sync with the Podfile.lock. Run 'pod install' or update your CocoaPods installation.\" >&2\n    exit 1\nfi\n# This output is used by Xcode 'outputs' to avoid re-running this script phase.\necho \"SUCCESS\" > \"${SCRIPT_OUTPUT_FILE_0}\"\n";
			showEnvVarsInLog = 0;
		};
		7C4E79565A251E9D4CDAA3AF /* [CP] Embed Pods Frameworks */ = {
			isa = PBXShellScriptBuildPhase;
			buildActionMask = 2147483647;
			files = (
			);
			inputFileListPaths = (
				"${PODS_ROOT}/Target Support Files/Pods-OmniAdmin-OmniAdminUITests/Pods-OmniAdmin-OmniAdminUITests-frameworks-${CONFIGURATION}-input-files.xcfilelist",
			);
			name = "[CP] Embed Pods Frameworks";
			outputFileListPaths = (
				"${PODS_ROOT}/Target Support Files/Pods-OmniAdmin-OmniAdminUITests/Pods-OmniAdmin-OmniAdminUITests-frameworks-${CONFIGURATION}-output-files.xcfilelist",
			);
			runOnlyForDeploymentPostprocessing = 0;
			shellPath = /bin/sh;
			shellScript = "\"${PODS_ROOT}/Target Support Files/Pods-OmniAdmin-OmniAdminUITests/Pods-OmniAdmin-OmniAdminUITests-frameworks.sh\"\n";
			showEnvVarsInLog = 0;
		};
		860ED2AB7F7A0801CA057BBD /* [CP] Embed Pods Frameworks */ = {
			isa = PBXShellScriptBuildPhase;
			buildActionMask = 2147483647;
			files = (
			);
			inputFileListPaths = (
				"${PODS_ROOT}/Target Support Files/Pods-OmniAdmin/Pods-OmniAdmin-frameworks-${CONFIGURATION}-input-files.xcfilelist",
			);
			name = "[CP] Embed Pods Frameworks";
			outputFileListPaths = (
				"${PODS_ROOT}/Target Support Files/Pods-OmniAdmin/Pods-OmniAdmin-frameworks-${CONFIGURATION}-output-files.xcfilelist",
			);
			runOnlyForDeploymentPostprocessing = 0;
			shellPath = /bin/sh;
			shellScript = "\"${PODS_ROOT}/Target Support Files/Pods-OmniAdmin/Pods-OmniAdmin-frameworks.sh\"\n";
			showEnvVarsInLog = 0;
		};
		925987C16AF144363F353D9D /* [CP] Check Pods Manifest.lock */ = {
			isa = PBXShellScriptBuildPhase;
			buildActionMask = 2147483647;
			files = (
			);
			inputFileListPaths = (
			);
			inputPaths = (
				"${PODS_PODFILE_DIR_PATH}/Podfile.lock",
				"${PODS_ROOT}/Manifest.lock",
			);
			name = "[CP] Check Pods Manifest.lock";
			outputFileListPaths = (
			);
			outputPaths = (
				"$(DERIVED_FILE_DIR)/Pods-OmniAdmin-checkManifestLockResult.txt",
			);
			runOnlyForDeploymentPostprocessing = 0;
			shellPath = /bin/sh;
			shellScript = "diff \"${PODS_PODFILE_DIR_PATH}/Podfile.lock\" \"${PODS_ROOT}/Manifest.lock\" > /dev/null\nif [ $? != 0 ] ; then\n    # print error to STDERR\n    echo \"error: The sandbox is not in sync with the Podfile.lock. Run 'pod install' or update your CocoaPods installation.\" >&2\n    exit 1\nfi\n# This output is used by Xcode 'outputs' to avoid re-running this script phase.\necho \"SUCCESS\" > \"${SCRIPT_OUTPUT_FILE_0}\"\n";
			showEnvVarsInLog = 0;
		};
		D0A2EEE4F815FA30E2B6B8DF /* [CP] Check Pods Manifest.lock */ = {
			isa = PBXShellScriptBuildPhase;
			buildActionMask = 2147483647;
			files = (
			);
			inputFileListPaths = (
			);
			inputPaths = (
				"${PODS_PODFILE_DIR_PATH}/Podfile.lock",
				"${PODS_ROOT}/Manifest.lock",
			);
			name = "[CP] Check Pods Manifest.lock";
			outputFileListPaths = (
			);
			outputPaths = (
				"$(DERIVED_FILE_DIR)/Pods-OmniAdmin-OmniAdminUITests-checkManifestLockResult.txt",
			);
			runOnlyForDeploymentPostprocessing = 0;
			shellPath = /bin/sh;
			shellScript = "diff \"${PODS_PODFILE_DIR_PATH}/Podfile.lock\" \"${PODS_ROOT}/Manifest.lock\" > /dev/null\nif [ $? != 0 ] ; then\n    # print error to STDERR\n    echo \"error: The sandbox is not in sync with the Podfile.lock. Run 'pod install' or update your CocoaPods installation.\" >&2\n    exit 1\nfi\n# This output is used by Xcode 'outputs' to avoid re-running this script phase.\necho \"SUCCESS\" > \"${SCRIPT_OUTPUT_FILE_0}\"\n";
			showEnvVarsInLog = 0;
		};
/* End PBXShellScriptBuildPhase section */

/* Begin PBXSourcesBuildPhase section */
		A05DE3092EFD27750082456A /* Sources */ = {
			isa = PBXSourcesBuildPhase;
			buildActionMask = 2147483647;
			files = (
			);
			runOnlyForDeploymentPostprocessing = 0;
		};
		A05DE31A2EFD27770082456A /* Sources */ = {
			isa = PBXSourcesBuildPhase;
			buildActionMask = 2147483647;
			files = (
			);
			runOnlyForDeploymentPostprocessing = 0;
		};
		A05DE3242EFD27770082456A /* Sources */ = {
			isa = PBXSourcesBuildPhase;
			buildActionMask = 2147483647;
			files = (
			);
			runOnlyForDeploymentPostprocessing = 0;
		};
/* End PBXSourcesBuildPhase section */

/* Begin PBXTargetDependency section */
		A05DE3202EFD27770082456A /* PBXTargetDependency */ = {
			isa = PBXTargetDependency;
			target = A05DE30C2EFD27750082456A /* OmniAdmin */;
			targetProxy = A05DE31F2EFD27770082456A /* PBXContainerItemProxy */;
		};
		A05DE32A2EFD27770082456A /* PBXTargetDependency */ = {
			isa = PBXTargetDependency;
			target = A05DE30C2EFD27750082456A /* OmniAdmin */;
			targetProxy = A05DE3292EFD27770082456A /* PBXContainerItemProxy */;
		};
/* End PBXTargetDependency section */

/* Begin XCBuildConfiguration section */
		A05DE3302EFD27770082456A /* Debug */ = {
			isa = XCBuildConfiguration;
			buildSettings = {
				ALWAYS_SEARCH_USER_PATHS = NO;
				ASSETCATALOG_COMPILER_GENERATE_SWIFT_ASSET_SYMBOL_EXTENSIONS = YES;
				CLANG_ANALYZER_NONNULL = YES;
				CLANG_ANALYZER_NUMBER_OBJECT_CONVERSION = YES_AGGRESSIVE;
				CLANG_CXX_LANGUAGE_STANDARD = "gnu++20";
				CLANG_ENABLE_MODULES = YES;
				CLANG_ENABLE_OBJC_ARC = YES;
				CLANG_ENABLE_OBJC_WEAK = YES;
				CLANG_WARN_BLOCK_CAPTURE_AUTORELEASING = YES;
				CLANG_WARN_BOOL_CONVERSION = YES;
				CLANG_WARN_COMMA = YES;
				CLANG_WARN_CONSTANT_CONVERSION = YES;
				CLANG_WARN_DEPRECATED_OBJC_IMPLEMENTATIONS = YES;
				CLANG_WARN_DIRECT_OBJC_ISA_USAGE = YES_ERROR;
				CLANG_WARN_DOCUMENTATION_COMMENTS = YES;
				CLANG_WARN_EMPTY_BODY = YES;
				CLANG_WARN_ENUM_CONVERSION = YES;
				CLANG_WARN_INFINITE_RECURSION = YES;
				CLANG_WARN_INT_CONVERSION = YES;
				CLANG_WARN_NON_LITERAL_NULL_CONVERSION = YES;
				CLANG_WARN_OBJC_IMPLICIT_RETAIN_SELF = YES;
				CLANG_WARN_OBJC_LITERAL_CONVERSION = YES;
				CLANG_WARN_OBJC_ROOT_CLASS = YES_ERROR;
				CLANG_WARN_QUOTED_INCLUDE_IN_FRAMEWORK_HEADER = YES;
				CLANG_WARN_RANGE_LOOP_ANALYSIS = YES;
				CLANG_WARN_STRICT_PROTOTYPES = YES;
				CLANG_WARN_SUSPICIOUS_MOVE = YES;
				CLANG_WARN_UNGUARDED_AVAILABILITY = YES_AGGRESSIVE;
				CLANG_WARN_UNREACHABLE_CODE = YES;
				CLANG_WARN__DUPLICATE_METHOD_MATCH = YES;
				COPY_PHASE_STRIP = NO;
				DEBUG_INFORMATION_FORMAT = dwarf;
				ENABLE_STRICT_OBJC_MSGSEND = YES;
				ENABLE_TESTABILITY = YES;
				ENABLE_USER_SCRIPT_SANDBOXING = YES;
				GCC_C_LANGUAGE_STANDARD = gnu17;
				GCC_DYNAMIC_NO_PIC = NO;
				GCC_NO_COMMON_BLOCKS = YES;
				GCC_OPTIMIZATION_LEVEL = 0;
				GCC_PREPROCESSOR_DEFINITIONS = (
					"DEBUG=1",
					"$(inherited)",
				);
				GCC_WARN_64_TO_32_BIT_CONVERSION = YES;
				GCC_WARN_ABOUT_RETURN_TYPE = YES_ERROR;
				GCC_WARN_UNDECLARED_SELECTOR = YES;
				GCC_WARN_UNINITIALIZED_AUTOS = YES_AGGRESSIVE;
				GCC_WARN_UNUSED_FUNCTION = YES;
				GCC_WARN_UNUSED_VARIABLE = YES;
				LOCALIZATION_PREFERS_STRING_CATALOGS = YES;
				MACOSX_DEPLOYMENT_TARGET = 15.1;
				MTL_ENABLE_DEBUG_INFO = INCLUDE_SOURCE;
				MTL_FAST_MATH = YES;
				ONLY_ACTIVE_ARCH = YES;
				SDKROOT = macosx;
				SWIFT_ACTIVE_COMPILATION_CONDITIONS = "DEBUG $(inherited)";
				SWIFT_OPTIMIZATION_LEVEL = "-Onone";
			};
			name = Debug;
		};
		A05DE3312EFD27770082456A /* Release */ = {
			isa = XCBuildConfiguration;
			buildSettings = {
				ALWAYS_SEARCH_USER_PATHS = NO;
				ASSETCATALOG_COMPILER_GENERATE_SWIFT_ASSET_SYMBOL_EXTENSIONS = YES;
				CLANG_ANALYZER_NONNULL = YES;
				CLANG_ANALYZER_NUMBER_OBJECT_CONVERSION = YES_AGGRESSIVE;
				CLANG_CXX_LANGUAGE_STANDARD = "gnu++20";
				CLANG_ENABLE_MODULES = YES;
				CLANG_ENABLE_OBJC_ARC = YES;
				CLANG_ENABLE_OBJC_WEAK = YES;
				CLANG_WARN_BLOCK_CAPTURE_AUTORELEASING = YES;
				CLANG_WARN_BOOL_CONVERSION = YES;
				CLANG_WARN_COMMA = YES;
				CLANG_WARN_CONSTANT_CONVERSION = YES;
				CLANG_WARN_DEPRECATED_OBJC_IMPLEMENTATIONS = YES;
				CLANG_WARN_DIRECT_OBJC_ISA_USAGE = YES_ERROR;
				CLANG_WARN_DOCUMENTATION_COMMENTS = YES;
				CLANG_WARN_EMPTY_BODY = YES;
				CLANG_WARN_ENUM_CONVERSION = YES;
				CLANG_WARN_INFINITE_RECURSION = YES;
				CLANG_WARN_INT_CONVERSION = YES;
				CLANG_WARN_NON_LITERAL_NULL_CONVERSION = YES;
				CLANG_WARN_OBJC_IMPLICIT_RETAIN_SELF = YES;
				CLANG_WARN_OBJC_LITERAL_CONVERSION = YES;
				CLANG_WARN_OBJC_ROOT_CLASS = YES_ERROR;
				CLANG_WARN_QUOTED_INCLUDE_IN_FRAMEWORK_HEADER = YES;
				CLANG_WARN_RANGE_LOOP_ANALYSIS = YES;
				CLANG_WARN_STRICT_PROTOTYPES = YES;
				CLANG_WARN_SUSPICIOUS_MOVE = YES;
				CLANG_WARN_UNGUARDED_AVAILABILITY = YES_AGGRESSIVE;
				CLANG_WARN_UNREACHABLE_CODE = YES;
				CLANG_WARN__DUPLICATE_METHOD_MATCH = YES;
				COPY_PHASE_STRIP = NO;
				DEBUG_INFORMATION_FORMAT = "dwarf-with-dsym";
				ENABLE_NS_ASSERTIONS = NO;
				ENABLE_STRICT_OBJC_MSGSEND = YES;
				ENABLE_USER_SCRIPT_SANDBOXING = YES;
				GCC_C_LANGUAGE_STANDARD = gnu17;
				GCC_NO_COMMON_BLOCKS = YES;
				GCC_WARN_64_TO_32_BIT_CONVERSION = YES;
				GCC_WARN_ABOUT_RETURN_TYPE = YES_ERROR;
				GCC_WARN_UNDECLARED_SELECTOR = YES;
				GCC_WARN_UNINITIALIZED_AUTOS = YES_AGGRESSIVE;
				GCC_WARN_UNUSED_FUNCTION = YES;
				GCC_WARN_UNUSED_VARIABLE = YES;
				LOCALIZATION_PREFERS_STRING_CATALOGS = YES;
				MACOSX_DEPLOYMENT_TARGET = 15.1;
				MTL_ENABLE_DEBUG_INFO = NO;
				MTL_FAST_MATH = YES;
				SDKROOT = macosx;
				SWIFT_COMPILATION_MODE = wholemodule;
			};
			name = Release;
		};
		A05DE3332EFD27770082456A /* Debug */ = {
			isa = XCBuildConfiguration;
			baseConfigurationReference = 12560DC7C4B583200834E906 /* Pods-OmniAdmin.debug.xcconfig */;
			buildSettings = {
				ASSETCATALOG_COMPILER_APPICON_NAME = AppIcon;
				ASSETCATALOG_COMPILER_GLOBAL_ACCENT_COLOR_NAME = AccentColor;
				CODE_SIGN_ENTITLEMENTS = OmniAdmin/OmniAdmin.entitlements;
				"CODE_SIGN_IDENTITY[sdk=macosx*]" = "Apple Development";
				CODE_SIGN_STYLE = Automatic;
				COMBINE_HIDPI_IMAGES = YES;
				CURRENT_PROJECT_VERSION = 1;
				DEVELOPMENT_ASSET_PATHS = "\"OmniAdmin/Preview Content\"";
				DEVELOPMENT_TEAM = KCZ9U3V7VQ;
				ENABLE_HARDENED_RUNTIME = YES;
				ENABLE_PREVIEWS = YES;
				ENABLE_USER_SCRIPT_SANDBOXING = NO;
				GENERATE_INFOPLIST_FILE = YES;
				INFOPLIST_FILE = OmniAdmin/Info.plist;
				INFOPLIST_KEY_NSHumanReadableCopyright = "";
				LD_RUNPATH_SEARCH_PATHS = (
					"$(inherited)",
					"@executable_path/../Frameworks",
				);
				MARKETING_VERSION = 1.0;
				PRODUCT_BUNDLE_IDENTIFIER = id.ios.omniadmin;
				PRODUCT_NAME = "$(TARGET_NAME)";
				SWIFT_EMIT_LOC_STRINGS = YES;
				SWIFT_VERSION = 5.0;
			};
			name = Debug;
		};
		A05DE3342EFD27770082456A /* Release */ = {
			isa = XCBuildConfiguration;
			baseConfigurationReference = 036ADFE2693FDB4D31929D37 /* Pods-OmniAdmin.release.xcconfig */;
			buildSettings = {
				ASSETCATALOG_COMPILER_APPICON_NAME = AppIcon;
				ASSETCATALOG_COMPILER_GLOBAL_ACCENT_COLOR_NAME = AccentColor;
				CODE_SIGN_ENTITLEMENTS = OmniAdmin/OmniAdmin.entitlements;
				"CODE_SIGN_IDENTITY[sdk=macosx*]" = "Apple Development";
				CODE_SIGN_STYLE = Automatic;
				COMBINE_HIDPI_IMAGES = YES;
				CURRENT_PROJECT_VERSION = 1;
				DEVELOPMENT_ASSET_PATHS = "\"OmniAdmin/Preview Content\"";
				DEVELOPMENT_TEAM = KCZ9U3V7VQ;
				ENABLE_HARDENED_RUNTIME = YES;
				ENABLE_PREVIEWS = YES;
				ENABLE_USER_SCRIPT_SANDBOXING = NO;
				GENERATE_INFOPLIST_FILE = YES;
				INFOPLIST_FILE = OmniAdmin/Info.plist;
				INFOPLIST_KEY_NSHumanReadableCopyright = "";
				LD_RUNPATH_SEARCH_PATHS = (
					"$(inherited)",
					"@executable_path/../Frameworks",
				);
				MARKETING_VERSION = 1.0;
				PRODUCT_BUNDLE_IDENTIFIER = id.ios.omniadmin;
				PRODUCT_NAME = "$(TARGET_NAME)";
				SWIFT_EMIT_LOC_STRINGS = YES;
				SWIFT_VERSION = 5.0;
			};
			name = Release;
		};
		A05DE3362EFD27770082456A /* Debug */ = {
			isa = XCBuildConfiguration;
			baseConfigurationReference = 54FBF71DD5441241172E68E6 /* Pods-OmniAdminTests.debug.xcconfig */;
			buildSettings = {
				BUNDLE_LOADER = "$(TEST_HOST)";
				CODE_SIGN_STYLE = Automatic;
				CURRENT_PROJECT_VERSION = 1;
				DEVELOPMENT_TEAM = KCZ9U3V7VQ;
				GENERATE_INFOPLIST_FILE = YES;
				MACOSX_DEPLOYMENT_TARGET = 15.1;
				MARKETING_VERSION = 1.0;
				PRODUCT_BUNDLE_IDENTIFIER = id.ios.rajaongkirios.OmniAdminTests;
				PRODUCT_NAME = "$(TARGET_NAME)";
				SWIFT_EMIT_LOC_STRINGS = NO;
				SWIFT_VERSION = 5.0;
				TEST_HOST = "$(BUILT_PRODUCTS_DIR)/OmniAdmin.app/$(BUNDLE_EXECUTABLE_FOLDER_PATH)/OmniAdmin";
			};
			name = Debug;
		};
		A05DE3372EFD27770082456A /* Release */ = {
			isa = XCBuildConfiguration;
			baseConfigurationReference = C0D8F50E17EBCDA9F0BAED78 /* Pods-OmniAdminTests.release.xcconfig */;
			buildSettings = {
				BUNDLE_LOADER = "$(TEST_HOST)";
				CODE_SIGN_STYLE = Automatic;
				CURRENT_PROJECT_VERSION = 1;
				DEVELOPMENT_TEAM = KCZ9U3V7VQ;
				GENERATE_INFOPLIST_FILE = YES;
				MACOSX_DEPLOYMENT_TARGET = 15.1;
				MARKETING_VERSION = 1.0;
				PRODUCT_BUNDLE_IDENTIFIER = id.ios.rajaongkirios.OmniAdminTests;
				PRODUCT_NAME = "$(TARGET_NAME)";
				SWIFT_EMIT_LOC_STRINGS = NO;
				SWIFT_VERSION = 5.0;
				TEST_HOST = "$(BUILT_PRODUCTS_DIR)/OmniAdmin.app/$(BUNDLE_EXECUTABLE_FOLDER_PATH)/OmniAdmin";
			};
			name = Release;
		};
		A05DE3392EFD27770082456A /* Debug */ = {
			isa = XCBuildConfiguration;
			baseConfigurationReference = A6EC87E821AEBAC8A8D77C78 /* Pods-OmniAdmin-OmniAdminUITests.debug.xcconfig */;
			buildSettings = {
				CODE_SIGN_STYLE = Automatic;
				CURRENT_PROJECT_VERSION = 1;
				DEVELOPMENT_TEAM = KCZ9U3V7VQ;
				GENERATE_INFOPLIST_FILE = YES;
				MARKETING_VERSION = 1.0;
				PRODUCT_BUNDLE_IDENTIFIER = id.ios.rajaongkirios.OmniAdminUITests;
				PRODUCT_NAME = "$(TARGET_NAME)";
				SWIFT_EMIT_LOC_STRINGS = NO;
				SWIFT_VERSION = 5.0;
				TEST_TARGET_NAME = OmniAdmin;
			};
			name = Debug;
		};
		A05DE33A2EFD27770082456A /* Release */ = {
			isa = XCBuildConfiguration;
			baseConfigurationReference = 97DC5B80F2F169A875F77638 /* Pods-OmniAdmin-OmniAdminUITests.release.xcconfig */;
			buildSettings = {
				CODE_SIGN_STYLE = Automatic;
				CURRENT_PROJECT_VERSION = 1;
				DEVELOPMENT_TEAM = KCZ9U3V7VQ;
				GENERATE_INFOPLIST_FILE = YES;
				MARKETING_VERSION = 1.0;
				PRODUCT_BUNDLE_IDENTIFIER = id.ios.rajaongkirios.OmniAdminUITests;
				PRODUCT_NAME = "$(TARGET_NAME)";
				SWIFT_EMIT_LOC_STRINGS = NO;
				SWIFT_VERSION = 5.0;
				TEST_TARGET_NAME = OmniAdmin;
			};
			name = Release;
		};
/* End XCBuildConfiguration section */

/* Begin XCConfigurationList section */
		A05DE3082EFD27750082456A /* Build configuration list for PBXProject "OmniAdmin" */ = {
			isa = XCConfigurationList;
			buildConfigurations = (
				A05DE3302EFD27770082456A /* Debug */,
				A05DE3312EFD27770082456A /* Release */,
			);
			defaultConfigurationIsVisible = 0;
			defaultConfigurationName = Release;
		};
		A05DE3322EFD27770082456A /* Build configuration list for PBXNativeTarget "OmniAdmin" */ = {
			isa = XCConfigurationList;
			buildConfigurations = (
				A05DE3332EFD27770082456A /* Debug */,
				A05DE3342EFD27770082456A /* Release */,
			);
			defaultConfigurationIsVisible = 0;
			defaultConfigurationName = Release;
		};
		A05DE3352EFD27770082456A /* Build configuration list for PBXNativeTarget "OmniAdminTests" */ = {
			isa = XCConfigurationList;
			buildConfigurations = (
				A05DE3362EFD27770082456A /* Debug */,
				A05DE3372EFD27770082456A /* Release */,
			);
			defaultConfigurationIsVisible = 0;
			defaultConfigurationName = Release;
		};
		A05DE3382EFD27770082456A /* Build configuration list for PBXNativeTarget "OmniAdminUITests" */ = {
			isa = XCConfigurationList;
			buildConfigurations = (
				A05DE3392EFD27770082456A /* Debug */,
				A05DE33A2EFD27770082456A /* Release */,
			);
			defaultConfigurationIsVisible = 0;
			defaultConfigurationName = Release;
		};
/* End XCConfigurationList section */
	};
	rootObject = A05DE3052EFD27750082456A /* Project object */;
}
